
Microsoft Visual Studio Solution File, Format Version 12.00
# Visual Studio Version 17
VisualStudioVersion = 17.0.31903.59
MinimumVisualStudioVersion = 10.0.40219.1
Project("{FAE04EC0-301F-11D3-BF4B-00C04F79EFBC}") = "SlowScanLib", "SlowScanLib\SlowScanLib.csproj", "{D5937220-B0B9-47E9-B890-524F6E5E15B6}"
EndProject
Project("{FAE04EC0-301F-11D3-BF4B-00C04F79EFBC}") = "GUI", "GUI\GUI.csproj", "{EF7EB03E-A953-4B37-A28B-53C7D0DB4BD2}"
EndProject
Global
	GlobalSection(SolutionConfigurationPlatforms) = preSolution
		Debug|Any CPU = Debug|Any CPU
		Release|Any CPU = Release|Any CPU
	EndGlobalSection
	GlobalSection(SolutionProperties) = preSolution
		HideSolutionNode = FALSE
	EndGlobalSection
	GlobalSection(ProjectConfigurationPlatforms) = postSolution
		{D5937220-B0B9-47E9-B890-524F6E5E15B6}.Debug|Any CPU.ActiveCfg = Debug|Any CPU
		{D5937220-B0B9-47E9-B890-524F6E5E15B6}.Debug|Any CPU.Build.0 = Debug|Any CPU
		{D5937220-B0B9-47E9-B890-524F6E5E15B6}.Release|Any CPU.ActiveCfg = Release|Any CPU
		{D5937220-B0B9-47E9-B890-524F6E5E15B6}.Release|Any CPU.Build.0 = Release|Any CPU
		{EF7EB03E-A953-4B37-A28B-53C7D0DB4BD2}.Debug|Any CPU.ActiveCfg = Debug|Any CPU
		{EF7EB03E-A953-4B37-A28B-53C7D0DB4BD2}.Debug|Any CPU.Build.0 = Debug|Any CPU
		{EF7EB03E-A953-4B37-A28B-53C7D0DB4BD2}.Release|Any CPU.ActiveCfg = Release|Any CPU
		{EF7EB03E-A953-4B37-A28B-53C7D0DB4BD2}.Release|Any CPU.Build.0 = Release|Any CPU
	EndGlobalSection
EndGlobal
